Microsoft Visual Studio Solution File, Format Version 12.00
# Visual Studio Version 16
VisualStudioVersion = 16.0.29025.244
MinimumVisualStudioVersion = 10.0.40219.1
Project("{2150E333-8FDC-42A3-9474-1A3956D46DE8}") = "Mods", "Mods", "{0263B9CC-A5D0-433C-82D2-20AAD99BAE40}"
EndProject
Project("{2150E333-8FDC-42A3-9474-1A3956D46DE8}") = "Core", "Core", "{F1579BD7-DC17-4598-9BD1-320E4981E96B}"
EndProject
Project("{FAE04EC0-301F-11D3-BF4B-00C04F79EFBC}") = "Mekanized", "Mekanized\Mekanized.csproj", "{4542348E-3D8F-4520-AAF2-A948D6C90737}"
EndProject
Project("{FAE04EC0-301F-11D3-BF4B-00C04F79EFBC}") = "AdvancedElectrolyzer", "AdvancedElectrolyzer\AdvancedElectrolyzer.csproj", "{E50DEA73-704D-44BA-A4C3-C43E91B71C8B}"
EndProject
EndProject
Global
	GlobalSection(SolutionConfigurationPlatforms) = preSolution
		Debug|Any CPU = Debug|Any CPU
		Debug|x86 = Debug|x86
		Patching|Any CPU = Patching|Any CPU
		Patching|x86 = Patching|x86
		Release|Any CPU = Release|Any CPU
		Release|x86 = Release|x86
	EndGlobalSection
	GlobalSection(ProjectConfigurationPlatforms) = postSolution
		{4542348E-3D8F-4520-AAF2-A948D6C90737}.Debug|Any CPU.ActiveCfg = Debug|Any CPU
		{4542348E-3D8F-4520-AAF2-A948D6C90737}.Debug|Any CPU.Build.0 = Debug|Any CPU
		{4542348E-3D8F-4520-AAF2-A948D6C90737}.Debug|x86.ActiveCfg = Debug|Any CPU
		{4542348E-3D8F-4520-AAF2-A948D6C90737}.Debug|x86.Build.0 = Debug|Any CPU
		{4542348E-3D8F-4520-AAF2-A948D6C90737}.Patching|Any CPU.ActiveCfg = Release|Any CPU
		{4542348E-3D8F-4520-AAF2-A948D6C90737}.Patching|Any CPU.Build.0 = Release|Any CPU
		{4542348E-3D8F-4520-AAF2-A948D6C90737}.Patching|x86.ActiveCfg = Release|Any CPU
		{4542348E-3D8F-4520-AAF2-A948D6C90737}.Patching|x86.Build.0 = Release|Any CPU
		{4542348E-3D8F-4520-AAF2-A948D6C90737}.Release|Any CPU.ActiveCfg = Release|Any CPU
		{4542348E-3D8F-4520-AAF2-A948D6C90737}.Release|Any CPU.Build.0 = Release|Any CPU
		{4542348E-3D8F-4520-AAF2-A948D6C90737}.Release|x86.ActiveCfg = Release|Any CPU
		{4542348E-3D8F-4520-AAF2-A948D6C90737}.Release|x86.Build.0 = Release|Any CPU
		{E50DEA73-704D-44BA-A4C3-C43E91B71C8B}.Debug|Any CPU.ActiveCfg = Debug|Any CPU
		{E50DEA73-704D-44BA-A4C3-C43E91B71C8B}.Debug|Any CPU.Build.0 = Debug|Any CPU
		{E50DEA73-704D-44BA-A4C3-C43E91B71C8B}.Debug|x86.ActiveCfg = Debug|Any CPU
		{E50DEA73-704D-44BA-A4C3-C43E91B71C8B}.Debug|x86.Build.0 = Debug|Any CPU
		{E50DEA73-704D-44BA-A4C3-C43E91B71C8B}.Patching|Any CPU.ActiveCfg = Release|Any CPU
		{E50DEA73-704D-44BA-A4C3-C43E91B71C8B}.Patching|Any CPU.Build.0 = Release|Any CPU
		{E50DEA73-704D-44BA-A4C3-C43E91B71C8B}.Patching|x86.ActiveCfg = Release|Any CPU
		{E50DEA73-704D-44BA-A4C3-C43E91B71C8B}.Patching|x86.Build.0 = Release|Any CPU
		{E50DEA73-704D-44BA-A4C3-C43E91B71C8B}.Release|Any CPU.ActiveCfg = Release|Any CPU
		{E50DEA73-704D-44BA-A4C3-C43E91B71C8B}.Release|Any CPU.Build.0 = Release|Any CPU
		{E50DEA73-704D-44BA-A4C3-C43E91B71C8B}.Release|x86.ActiveCfg = Release|Any CPU
		{E50DEA73-704D-44BA-A4C3-C43E91B71C8B}.Release|x86.Build.0 = Release|Any CPU
	EndGlobalSection
	GlobalSection(SolutionProperties) = preSolution
		HideSolutionNode = FALSE
	EndGlobalSection
	GlobalSection(NestedProjects) = preSolution
		{4542348E-3D8F-4520-AAF2-A948D6C90737} = {0263B9CC-A5D0-433C-82D2-20AAD99BAE40}
		{E50DEA73-704D-44BA-A4C3-C43E91B71C8B} = {0263B9CC-A5D0-433C-82D2-20AAD99BAE40}
	EndGlobalSection
	GlobalSection(ExtensibilityGlobals) = postSolution
		SolutionGuid = {34648007-CC4C-4A8D-91A2-485820AFC9A9}
	EndGlobalSection
EndGlobal
